{
  "name": "iina-plugin-keystone",
  "version": "1.0.0",
  "lockfileVersion": 3,
  "requires": true,
  "packages": {
    "": {
      "name": "iina-plugin-keystone",
      "version": "1.0.0",
      "license": "MIT",
      "devDependencies": {
        "iina-plugin-definition": "^0.99.4"
      }
    },
    "node_modules/iina-plugin-definition": {
      "version": "0.99.4",
      "resolved": "https://registry.npmjs.org/iina-plugin-definition/-/iina-plugin-definition-0.99.4.tgz",
      "integrity": "sha512-pfPMP+4OrtqSq/n+3eBgVB5mVsfsjYHcFmQEo+tCyexB3evDpQkdeFdVanrr0OHjx2CPJAB5YUMS5lTz70e8Ag==",
      "dev": true
    }
  }
}
